
Microsoft Visual Studio Solution File, Format Version 12.00
# Visual Studio Version 17
VisualStudioVersion = 17.9.34622.214
MinimumVisualStudioVersion = 10.0.40219.1
Project("{FAE04EC0-301F-11D3-BF4B-00C04F79EFBC}") = "JPEAK_SV_unlockLevelCapTo60", "JPEAK_SV_unlockLevelCapTo60\JPEAK_SV_unlockLevelCapTo60.csproj", "{CC0D4E83-F4E0-422F-BC1F-22720C6364D5}"
EndProject
Global
	GlobalSection(SolutionConfigurationPlatforms) = preSolution
		Debug|Any CPU = Debug|Any CPU
		Release|Any CPU = Release|Any CPU
	EndGlobalSection
	GlobalSection(ProjectConfigurationPlatforms) = postSolution
		{CC0D4E83-F4E0-422F-BC1F-22720C6364D5}.Debug|Any CPU.ActiveCfg = Debug|Any CPU
		{CC0D4E83-F4E0-422F-BC1F-22720C6364D5}.Debug|Any CPU.Build.0 = Debug|Any CPU
		{CC0D4E83-F4E0-422F-BC1F-22720C6364D5}.Release|Any CPU.ActiveCfg = Release|Any CPU
		{CC0D4E83-F4E0-422F-BC1F-22720C6364D5}.Release|Any CPU.Build.0 = Release|Any CPU
	EndGlobalSection
	GlobalSection(SolutionProperties) = preSolution
		HideSolutionNode = FALSE
	EndGlobalSection
	GlobalSection(ExtensibilityGlobals) = postSolution
		SolutionGuid = {5EA708D1-CFD8-47E2-86BD-B23A11F59C79}
	EndGlobalSection
EndGlobal
